Microsoft Visual Studio Solution File, Format Version 12.00
# Visual Studio Version 17
VisualStudioVersion = 17.5.2.0
MinimumVisualStudioVersion = 10.0.40219.1
Project("{2150E333-8FDC-42A3-9474-1A3956D46DE8}") = "apps", "apps", "{1787FE1D-075E-9E68-7218-25F1BD1BBEAB}"
EndProject
Project("{2150E333-8FDC-42A3-9474-1A3956D46DE8}") = "libs", "libs", "{6C4D298B-81FB-2B6B-5AB6-46205EDDC72C}"
EndProject
Project("{2150E333-8FDC-42A3-9474-1A3956D46DE8}") = "packages", "packages", "{809F86A1-1C4C-B159-0CD4-DF9D33D876CE}"
EndProject
Project("{2150E333-8FDC-42A3-9474-1A3956D46DE8}") = "api-app", "api-app", "{7AEC29A6-D530-1BFA-0ACB-906615DDDE98}"
EndProject
Project("{FAE04EC0-301F-11D3-BF4B-00C04F79EFBC}") = "Gen.StarterApp.Api", "apps\api-app\Gen.StarterApp.Api.csproj", "{4FFB1580-972B-CCE2-A565-F5BCB0388D19}"
EndProject
Project("{2150E333-8FDC-42A3-9474-1A3956D46DE8}") = "api-app-test", "api-app-test", "{CEF9E329-DEC5-558B-3B53-FFB74C10964A}"
EndProject
Project("{FAE04EC0-301F-11D3-BF4B-00C04F79EFBC}") = "Gen.StarterApp.Api.Test", "apps\api-app-test\Gen.StarterApp.Api.Test.csproj", "{B1B4591B-CE03-795D-4FED-1F1DD010CA24}"
EndProject
Project("{2150E333-8FDC-42A3-9474-1A3956D46DE8}") = "api", "api", "{A9627159-C3CE-B976-3DC9-5BC25BE4B414}"
EndProject
Project("{2150E333-8FDC-42A3-9474-1A3956D46DE8}") = "services-lib", "services-lib", "{E4A582CE-0BCF-D6C5-8134-FB8C4E610E0F}"
EndProject
Project("{FAE04EC0-301F-11D3-BF4B-00C04F79EFBC}") = "Gen.StarterApp.Api.Services", "libs\api\services-lib\Gen.StarterApp.Api.Services.csproj", "{EEEA9EE8-8648-138E-6919-0778876BFF57}"
EndProject
Project("{2150E333-8FDC-42A3-9474-1A3956D46DE8}") = "services-lib-test", "services-lib-test", "{98F702C0-13E2-7054-182E-E98618733D18}"
EndProject
Project("{FAE04EC0-301F-11D3-BF4B-00C04F79EFBC}") = "Gen.StarterApp.Api.Services.Test", "libs\api\services-lib-test\Gen.StarterApp.Api.Services.Test.csproj", "{8AEBA6D2-FFBD-61C8-BB1B-46DAC34C16C4}"
EndProject
Project("{2150E333-8FDC-42A3-9474-1A3956D46DE8}") = "api", "api", "{9F4FCF92-CEF4-F86D-FE19-A26F76531731}"
EndProject
Project("{2150E333-8FDC-42A3-9474-1A3956D46DE8}") = "services-package", "services-package", "{A4BDDD51-EA7F-BC89-4B73-98E11F806A9E}"
EndProject
Project("{FAE04EC0-301F-11D3-BF4B-00C04F79EFBC}") = "Gen.Platform.Api.Services", "packages\api\services-package\Gen.Platform.Api.Services.csproj", "{E56A583A-685F-EA56-FCBB-44A0901A537C}"
EndProject
Project("{2150E333-8FDC-42A3-9474-1A3956D46DE8}") = "services-package-test", "services-package-test", "{1C2E7ADB-E3E6-592D-6144-B124189C9CCC}"
EndProject
Project("{FAE04EC0-301F-11D3-BF4B-00C04F79EFBC}") = "Gen.Platform.Api.Services.Test", "packages\api\services-package-test\Gen.Platform.Api.Services.Test.csproj", "{D65094F6-5AFB-BB23-05F6-D45B1823EB35}"
EndProject
Global
	GlobalSection(SolutionConfigurationPlatforms) = preSolution
		Debug|Any CPU = Debug|Any CPU
		Release|Any CPU = Release|Any CPU
	EndGlobalSection
	GlobalSection(ProjectConfigurationPlatforms) = postSolution
		{4FFB1580-972B-CCE2-A565-F5BCB0388D19}.Debug|Any CPU.ActiveCfg = Debug|Any CPU
		{4FFB1580-972B-CCE2-A565-F5BCB0388D19}.Debug|Any CPU.Build.0 = Debug|Any CPU
		{4FFB1580-972B-CCE2-A565-F5BCB0388D19}.Release|Any CPU.ActiveCfg = Release|Any CPU
		{4FFB1580-972B-CCE2-A565-F5BCB0388D19}.Release|Any CPU.Build.0 = Release|Any CPU
		{B1B4591B-CE03-795D-4FED-1F1DD010CA24}.Debug|Any CPU.ActiveCfg = Debug|Any CPU
		{B1B4591B-CE03-795D-4FED-1F1DD010CA24}.Debug|Any CPU.Build.0 = Debug|Any CPU
		{B1B4591B-CE03-795D-4FED-1F1DD010CA24}.Release|Any CPU.ActiveCfg = Release|Any CPU
		{B1B4591B-CE03-795D-4FED-1F1DD010CA24}.Release|Any CPU.Build.0 = Release|Any CPU
		{EEEA9EE8-8648-138E-6919-0778876BFF57}.Debug|Any CPU.ActiveCfg = Debug|Any CPU
		{EEEA9EE8-8648-138E-6919-0778876BFF57}.Debug|Any CPU.Build.0 = Debug|Any CPU
		{EEEA9EE8-8648-138E-6919-0778876BFF57}.Release|Any CPU.ActiveCfg = Release|Any CPU
		{EEEA9EE8-8648-138E-6919-0778876BFF57}.Release|Any CPU.Build.0 = Release|Any CPU
		{8AEBA6D2-FFBD-61C8-BB1B-46DAC34C16C4}.Debug|Any CPU.ActiveCfg = Debug|Any CPU
		{8AEBA6D2-FFBD-61C8-BB1B-46DAC34C16C4}.Debug|Any CPU.Build.0 = Debug|Any CPU
		{8AEBA6D2-FFBD-61C8-BB1B-46DAC34C16C4}.Release|Any CPU.ActiveCfg = Release|Any CPU
		{8AEBA6D2-FFBD-61C8-BB1B-46DAC34C16C4}.Release|Any CPU.Build.0 = Release|Any CPU
		{E56A583A-685F-EA56-FCBB-44A0901A537C}.Debug|Any CPU.ActiveCfg = Debug|Any CPU
		{E56A583A-685F-EA56-FCBB-44A0901A537C}.Debug|Any CPU.Build.0 = Debug|Any CPU
		{E56A583A-685F-EA56-FCBB-44A0901A537C}.Release|Any CPU.ActiveCfg = Release|Any CPU
		{E56A583A-685F-EA56-FCBB-44A0901A537C}.Release|Any CPU.Build.0 = Release|Any CPU
		{D65094F6-5AFB-BB23-05F6-D45B1823EB35}.Debug|Any CPU.ActiveCfg = Debug|Any CPU
		{D65094F6-5AFB-BB23-05F6-D45B1823EB35}.Debug|Any CPU.Build.0 = Debug|Any CPU
		{D65094F6-5AFB-BB23-05F6-D45B1823EB35}.Release|Any CPU.ActiveCfg = Release|Any CPU
		{D65094F6-5AFB-BB23-05F6-D45B1823EB35}.Release|Any CPU.Build.0 = Release|Any CPU
	EndGlobalSection
	GlobalSection(SolutionProperties) = preSolution
		HideSolutionNode = FALSE
	EndGlobalSection
	GlobalSection(NestedProjects) = preSolution
		{7AEC29A6-D530-1BFA-0ACB-906615DDDE98} = {1787FE1D-075E-9E68-7218-25F1BD1BBEAB}
		{4FFB1580-972B-CCE2-A565-F5BCB0388D19} = {7AEC29A6-D530-1BFA-0ACB-906615DDDE98}
		{CEF9E329-DEC5-558B-3B53-FFB74C10964A} = {1787FE1D-075E-9E68-7218-25F1BD1BBEAB}
		{B1B4591B-CE03-795D-4FED-1F1DD010CA24} = {CEF9E329-DEC5-558B-3B53-FFB74C10964A}
		{A9627159-C3CE-B976-3DC9-5BC25BE4B414} = {6C4D298B-81FB-2B6B-5AB6-46205EDDC72C}
		{E4A582CE-0BCF-D6C5-8134-FB8C4E610E0F} = {A9627159-C3CE-B976-3DC9-5BC25BE4B414}
		{EEEA9EE8-8648-138E-6919-0778876BFF57} = {E4A582CE-0BCF-D6C5-8134-FB8C4E610E0F}
		{98F702C0-13E2-7054-182E-E98618733D18} = {A9627159-C3CE-B976-3DC9-5BC25BE4B414}
		{8AEBA6D2-FFBD-61C8-BB1B-46DAC34C16C4} = {98F702C0-13E2-7054-182E-E98618733D18}
		{9F4FCF92-CEF4-F86D-FE19-A26F76531731} = {809F86A1-1C4C-B159-0CD4-DF9D33D876CE}
		{A4BDDD51-EA7F-BC89-4B73-98E11F806A9E} = {9F4FCF92-CEF4-F86D-FE19-A26F76531731}
		{E56A583A-685F-EA56-FCBB-44A0901A537C} = {A4BDDD51-EA7F-BC89-4B73-98E11F806A9E}
		{1C2E7ADB-E3E6-592D-6144-B124189C9CCC} = {9F4FCF92-CEF4-F86D-FE19-A26F76531731}
		{D65094F6-5AFB-BB23-05F6-D45B1823EB35} = {1C2E7ADB-E3E6-592D-6144-B124189C9CCC}
	EndGlobalSection
	GlobalSection(ExtensibilityGlobals) = postSolution
		SolutionGuid = {834B62C1-88DA-4329-887E-4C55AC615C09}
	EndGlobalSection
EndGlobal
